
Microsoft Visual Studio Solution File, Format Version 12.00
# Visual Studio 2012
Project("{2150E333-8FDC-42A3-9474-1A3956D46DE8}") = "Include", "Include", "{C5DF2551-59C7-4B22-86E0-77347FBB5246}"
	ProjectSection(SolutionItems) = preProject
		Include\Security.ttinclude = Include\Security.ttinclude
		Include\Versions.ttinclude = Include\Versions.ttinclude
	EndProjectSection
EndProject
Project("{2150E333-8FDC-42A3-9474-1A3956D46DE8}") = "Scripts", "Scripts", "{D856A888-E846-4D20-B8D9-21235C7DD22B}"
	ProjectSection(SolutionItems) = preProject
		..\..\Helpers.psm1 = ..\..\Helpers.psm1
		..\..\Install-Keys.ps1 = ..\..\Install-Keys.ps1
		..\..\Remove-Keys.ps1 = ..\..\Remove-Keys.ps1
	EndProjectSection
EndProject
Project("{FAE04EC0-301F-11D3-BF4B-00C04F79EFBC}") = "Interop.Core.NETFX4", "Interop.Core\Interop.Core.NETFX4.csproj", "{39D9023D-9B50-457F-A302-380A4D318318}"
EndProject
Project("{FAE04EC0-301F-11D3-BF4B-00C04F79EFBC}") = "Interop.Core.NETFX45", "Interop.Core\Interop.Core.NETFX45.csproj", "{8ACF616F-A062-4E6F-93D9-89E2DB5DCB34}"
EndProject
Project("{FAE04EC0-301F-11D3-BF4B-00C04F79EFBC}") = "Interop.Core.Tests.NETFX4", "Interop.Core.Tests\Interop.Core.Tests.NETFX4.csproj", "{9C9D482B-7812-4589-BF29-10CBFFEB4FB2}"
EndProject
Project("{FAE04EC0-301F-11D3-BF4B-00C04F79EFBC}") = "Interop.Core.Tests.NETFX45", "Interop.Core.Tests\Interop.Core.Tests.NETFX45.csproj", "{8C41A241-6CB9-4017-976E-147EE6FFA6E7}"
EndProject
Project("{2150E333-8FDC-42A3-9474-1A3956D46DE8}") = "Source", "Source", "{1589CDD7-F787-4E7B-9A05-B6BE764BAA99}"
EndProject
Project("{2150E333-8FDC-42A3-9474-1A3956D46DE8}") = "Tests", "Tests", "{46275726-68BB-4995-80B9-397E1C068881}"
EndProject
Project("{2150E333-8FDC-42A3-9474-1A3956D46DE8}") = "Visual Studio", "Visual Studio", "{BBE2D0B2-2174-439A-82C1-287EA00B4071}"
EndProject
Project("{FAE04EC0-301F-11D3-BF4B-00C04F79EFBC}") = "Interop.VisualStudio.NETFX4", "Interop.VisualStudio\Interop.VisualStudio.NETFX4.csproj", "{374BDCB1-8780-4E95-ACAB-32C34B470145}"
EndProject
Project("{FAE04EC0-301F-11D3-BF4B-00C04F79EFBC}") = "Interop.VisualStudio.NETFX45", "Interop.VisualStudio\Interop.VisualStudio.NETFX45.csproj", "{512414EC-376F-451F-95F2-F5B45280F50F}"
EndProject
Project("{FAE04EC0-301F-11D3-BF4B-00C04F79EFBC}") = "Interop.VisualStudio.COM.NETFX4", "Interop.VisualStudio.COM\Interop.VisualStudio.COM.NETFX4.csproj", "{AE5C487F-9D3E-4595-A72C-CA04B77C6D88}"
EndProject
Project("{FAE04EC0-301F-11D3-BF4B-00C04F79EFBC}") = "Interop.VisualStudio.COM.NETFX45", "Interop.VisualStudio.COM\Interop.VisualStudio.COM.NETFX45.csproj", "{1474D804-94E1-4ADC-BE0B-49196FD511DE}"
EndProject
Global
	GlobalSection(TeamFoundationVersionControl) = preSolution
		SccNumberOfProjects = 9
		SccEnterpriseProvider = {4CA58AB2-18FA-4F8D-95D4-32DDF27D184C}
		SccTeamFoundationServer = https://tfs.codeplex.com/tfs/tfs34
		SccLocalPath0 = .
		SccProjectUniqueName1 = Interop.Core\\Interop.Core.NETFX4.csproj
		SccProjectTopLevelParentUniqueName1 = Interop.sln
		SccProjectName1 = Interop.Core
		SccLocalPath1 = Interop.Core
		SccProjectUniqueName2 = Interop.Core\\Interop.Core.NETFX45.csproj
		SccProjectTopLevelParentUniqueName2 = Interop.sln
		SccProjectName2 = Interop.Core
		SccLocalPath2 = Interop.Core
		SccProjectUniqueName3 = Interop.Core.Tests\\Interop.Core.Tests.NETFX4.csproj
		SccProjectTopLevelParentUniqueName3 = Interop.sln
		SccProjectName3 = Interop.Core.Tests
		SccLocalPath3 = Interop.Core.Tests
		SccProjectUniqueName4 = Interop.Core.Tests\\Interop.Core.Tests.NETFX45.csproj
		SccProjectTopLevelParentUniqueName4 = Interop.sln
		SccProjectName4 = Interop.Core.Tests
		SccLocalPath4 = Interop.Core.Tests
		SccProjectUniqueName5 = Interop.VisualStudio\\Interop.VisualStudio.NETFX4.csproj
		SccProjectTopLevelParentUniqueName5 = Interop.sln
		SccProjectName5 = Interop.VisualStudio
		SccLocalPath5 = Interop.VisualStudio
		SccProjectUniqueName6 = Interop.VisualStudio\\Interop.VisualStudio.NETFX45.csproj
		SccProjectTopLevelParentUniqueName6 = Interop.sln
		SccProjectName6 = Interop.VisualStudio
		SccLocalPath6 = Interop.VisualStudio
		SccProjectUniqueName7 = Interop.VisualStudio.COM\\Interop.VisualStudio.COM.NETFX4.csproj
		SccProjectTopLevelParentUniqueName7 = Interop.sln
		SccProjectName7 = Interop.VisualStudio.COM
		SccLocalPath7 = Interop.VisualStudio.COM
		SccProjectUniqueName8 = Interop.VisualStudio.COM\\Interop.VisualStudio.COM.NETFX45.csproj
		SccProjectTopLevelParentUniqueName8 = Interop.sln
		SccProjectName8 = Interop.VisualStudio.COM
		SccLocalPath8 = Interop.VisualStudio.COM
	EndGlobalSection
	GlobalSection(SolutionConfigurationPlatforms) = preSolution
		Analysis|Any CPU = Analysis|Any CPU
		Debug|Any CPU = Debug|Any CPU
		Release|Any CPU = Release|Any CPU
	EndGlobalSection
	GlobalSection(ProjectConfigurationPlatforms) = postSolution
		{39D9023D-9B50-457F-A302-380A4D318318}.Analysis|Any CPU.ActiveCfg = Analysis|Any CPU
		{39D9023D-9B50-457F-A302-380A4D318318}.Analysis|Any CPU.Build.0 = Analysis|Any CPU
		{39D9023D-9B50-457F-A302-380A4D318318}.Debug|Any CPU.ActiveCfg = Debug|Any CPU
		{39D9023D-9B50-457F-A302-380A4D318318}.Debug|Any CPU.Build.0 = Debug|Any CPU
		{39D9023D-9B50-457F-A302-380A4D318318}.Release|Any CPU.ActiveCfg = Release|Any CPU
		{39D9023D-9B50-457F-A302-380A4D318318}.Release|Any CPU.Build.0 = Release|Any CPU
		{8ACF616F-A062-4E6F-93D9-89E2DB5DCB34}.Analysis|Any CPU.ActiveCfg = Analysis|Any CPU
		{8ACF616F-A062-4E6F-93D9-89E2DB5DCB34}.Analysis|Any CPU.Build.0 = Analysis|Any CPU
		{8ACF616F-A062-4E6F-93D9-89E2DB5DCB34}.Debug|Any CPU.ActiveCfg = Debug|Any CPU
		{8ACF616F-A062-4E6F-93D9-89E2DB5DCB34}.Debug|Any CPU.Build.0 = Debug|Any CPU
		{8ACF616F-A062-4E6F-93D9-89E2DB5DCB34}.Release|Any CPU.ActiveCfg = Release|Any CPU
		{8ACF616F-A062-4E6F-93D9-89E2DB5DCB34}.Release|Any CPU.Build.0 = Release|Any CPU
		{9C9D482B-7812-4589-BF29-10CBFFEB4FB2}.Analysis|Any CPU.ActiveCfg = Release|Any CPU
		{9C9D482B-7812-4589-BF29-10CBFFEB4FB2}.Analysis|Any CPU.Build.0 = Release|Any CPU
		{9C9D482B-7812-4589-BF29-10CBFFEB4FB2}.Debug|Any CPU.ActiveCfg = Release|Any CPU
		{9C9D482B-7812-4589-BF29-10CBFFEB4FB2}.Debug|Any CPU.Build.0 = Release|Any CPU
		{9C9D482B-7812-4589-BF29-10CBFFEB4FB2}.Release|Any CPU.ActiveCfg = Release|Any CPU
		{9C9D482B-7812-4589-BF29-10CBFFEB4FB2}.Release|Any CPU.Build.0 = Release|Any CPU
		{8C41A241-6CB9-4017-976E-147EE6FFA6E7}.Analysis|Any CPU.ActiveCfg = Release|Any CPU
		{8C41A241-6CB9-4017-976E-147EE6FFA6E7}.Analysis|Any CPU.Build.0 = Release|Any CPU
		{8C41A241-6CB9-4017-976E-147EE6FFA6E7}.Debug|Any CPU.ActiveCfg = Debug|Any CPU
		{8C41A241-6CB9-4017-976E-147EE6FFA6E7}.Debug|Any CPU.Build.0 = Debug|Any CPU
		{8C41A241-6CB9-4017-976E-147EE6FFA6E7}.Release|Any CPU.ActiveCfg = Release|Any CPU
		{8C41A241-6CB9-4017-976E-147EE6FFA6E7}.Release|Any CPU.Build.0 = Release|Any CPU
		{374BDCB1-8780-4E95-ACAB-32C34B470145}.Analysis|Any CPU.ActiveCfg = Analysis|Any CPU
		{374BDCB1-8780-4E95-ACAB-32C34B470145}.Analysis|Any CPU.Build.0 = Analysis|Any CPU
		{374BDCB1-8780-4E95-ACAB-32C34B470145}.Debug|Any CPU.ActiveCfg = Debug|Any CPU
		{374BDCB1-8780-4E95-ACAB-32C34B470145}.Debug|Any CPU.Build.0 = Debug|Any CPU
		{374BDCB1-8780-4E95-ACAB-32C34B470145}.Release|Any CPU.ActiveCfg = Release|Any CPU
		{374BDCB1-8780-4E95-ACAB-32C34B470145}.Release|Any CPU.Build.0 = Release|Any CPU
		{512414EC-376F-451F-95F2-F5B45280F50F}.Analysis|Any CPU.ActiveCfg = Analysis|Any CPU
		{512414EC-376F-451F-95F2-F5B45280F50F}.Analysis|Any CPU.Build.0 = Analysis|Any CPU
		{512414EC-376F-451F-95F2-F5B45280F50F}.Debug|Any CPU.ActiveCfg = Debug|Any CPU
		{512414EC-376F-451F-95F2-F5B45280F50F}.Debug|Any CPU.Build.0 = Debug|Any CPU
		{512414EC-376F-451F-95F2-F5B45280F50F}.Release|Any CPU.ActiveCfg = Release|Any CPU
		{512414EC-376F-451F-95F2-F5B45280F50F}.Release|Any CPU.Build.0 = Release|Any CPU
		{AE5C487F-9D3E-4595-A72C-CA04B77C6D88}.Analysis|Any CPU.ActiveCfg = Analysis|Any CPU
		{AE5C487F-9D3E-4595-A72C-CA04B77C6D88}.Analysis|Any CPU.Build.0 = Analysis|Any CPU
		{AE5C487F-9D3E-4595-A72C-CA04B77C6D88}.Debug|Any CPU.ActiveCfg = Debug|Any CPU
		{AE5C487F-9D3E-4595-A72C-CA04B77C6D88}.Debug|Any CPU.Build.0 = Debug|Any CPU
		{AE5C487F-9D3E-4595-A72C-CA04B77C6D88}.Release|Any CPU.ActiveCfg = Release|Any CPU
		{AE5C487F-9D3E-4595-A72C-CA04B77C6D88}.Release|Any CPU.Build.0 = Release|Any CPU
		{1474D804-94E1-4ADC-BE0B-49196FD511DE}.Analysis|Any CPU.ActiveCfg = Analysis|Any CPU
		{1474D804-94E1-4ADC-BE0B-49196FD511DE}.Analysis|Any CPU.Build.0 = Analysis|Any CPU
		{1474D804-94E1-4ADC-BE0B-49196FD511DE}.Debug|Any CPU.ActiveCfg = Debug|Any CPU
		{1474D804-94E1-4ADC-BE0B-49196FD511DE}.Debug|Any CPU.Build.0 = Debug|Any CPU
		{1474D804-94E1-4ADC-BE0B-49196FD511DE}.Release|Any CPU.ActiveCfg = Release|Any CPU
		{1474D804-94E1-4ADC-BE0B-49196FD511DE}.Release|Any CPU.Build.0 = Release|Any CPU
	EndGlobalSection
	GlobalSection(SolutionProperties) = preSolution
		HideSolutionNode = FALSE
	EndGlobalSection
	GlobalSection(NestedProjects) = preSolution
		{8ACF616F-A062-4E6F-93D9-89E2DB5DCB34} = {1589CDD7-F787-4E7B-9A05-B6BE764BAA99}
		{39D9023D-9B50-457F-A302-380A4D318318} = {1589CDD7-F787-4E7B-9A05-B6BE764BAA99}
		{8C41A241-6CB9-4017-976E-147EE6FFA6E7} = {46275726-68BB-4995-80B9-397E1C068881}
		{9C9D482B-7812-4589-BF29-10CBFFEB4FB2} = {46275726-68BB-4995-80B9-397E1C068881}
		{374BDCB1-8780-4E95-ACAB-32C34B470145} = {BBE2D0B2-2174-439A-82C1-287EA00B4071}
		{512414EC-376F-451F-95F2-F5B45280F50F} = {BBE2D0B2-2174-439A-82C1-287EA00B4071}
		{AE5C487F-9D3E-4595-A72C-CA04B77C6D88} = {BBE2D0B2-2174-439A-82C1-287EA00B4071}
		{1474D804-94E1-4ADC-BE0B-49196FD511DE} = {BBE2D0B2-2174-439A-82C1-287EA00B4071}
	EndGlobalSection
EndGlobal
